{
  "nodes": {
    "imgui": {
      "flake": false,
      "locked": {
        "lastModified": 1785507900,
        "narHash": "sha256-PknWLxYuXQ73TCFN+eKOJDNLGbg/ZqKSF6mFxkJG6vI=",
        "owner": "ocornut",
        "repo": "imgui",
        "rev": "b48d1afbe8ee8b238e2961dc363a949dd7304e23",
        "type": "github"
      },
      "original": {
        "owner": "ocornut",
        "ref": "v1.92.9b-docking",
        "repo": "imgui",
        "type": "github"
      }
    },
    "imguizmo": {
      "flake": false,
      "locked": {
        "lastModified": 1786186682,
        "narHash": "sha256-r287Yw0vsNiavq0T5g1WBA2Df7i3pg52h75iizzmUWs=",
        "owner": "CedricGuillemet",
        "repo": "ImGuizmo",
        "rev": "18cef5e031d8c6973d80284c67f60549fafd78c1",
        "type": "github"
      },
      "original": {
        "owner": "CedricGuillemet",
        "repo": "ImGuizmo",
        "type": "github"
      }
    },
    "nixpkgs": {
      "locked": {
        "lastModified": 1790822859,
        "narHash": "sha256-69xHQhAeMAD2wDXO7T2pcOZIF9Sga2W+JkmY2a11Ops=",
        "owner": "NixOS",
        "repo": "nixpkgs",
        "rev": "c59305bab2065cfecc4944690d9eedbb56f3a9fa",
        "type": "github"
      },
      "original": {
        "owner": "NixOS",
        "ref": "nixos-unstable",
        "repo": "nixpkgs",
        "type": "github"
      }
    },
    "root": {
      "inputs": {
        "imgui": "imgui",
        "imguizmo": "imguizmo",
        "nixpkgs": "nixpkgs"
      }
    }
  },
  "root": "root",
  "version": 7
}
